
Microsoft Visual Studio Solution File, Format Version 12.00
# Visual Studio Version 17
VisualStudioVersion = 17.2.32616.157
MinimumVisualStudioVersion = 10.0.40219.1
Project("{FAE04EC0-301F-11D3-BF4B-00C04F79EFBC}") = "key_press_game", "key_press_game.csproj", "{2FA92304-DB66-4FAF-82A9-1BDFCB99E027}"
EndProject
Global
	GlobalSection(SolutionConfigurationPlatforms) = preSolution
		Debug|Any CPU = Debug|Any CPU
		Release|Any CPU = Release|Any CPU
	EndGlobalSection
	GlobalSection(ProjectConfigurationPlatforms) = postSolution
		{2FA92304-DB66-4FAF-82A9-1BDFCB99E027}.Debug|Any CPU.ActiveCfg = Debug|Any CPU
		{2FA92304-DB66-4FAF-82A9-1BDFCB99E027}.Debug|Any CPU.Build.0 = Debug|Any CPU
		{2FA92304-DB66-4FAF-82A9-1BDFCB99E027}.Release|Any CPU.ActiveCfg = Release|Any CPU
		{2FA92304-DB66-4FAF-82A9-1BDFCB99E027}.Release|Any CPU.Build.0 = Release|Any CPU
	EndGlobalSection
	GlobalSection(SolutionProperties) = preSolution
		HideSolutionNode = FALSE
	EndGlobalSection
	GlobalSection(ExtensibilityGlobals) = postSolution
		SolutionGuid = {DB34FCC6-D51B-4837-BB60-FDA2B4F829D5}
	EndGlobalSection
EndGlobal
